<?xml version="1.0" encoding="utf-8"?>
<Project ToolsVersion="4.0" xmlns="http://schemas.microsoft.com/developer/msbuild/2003">
  <ItemGroup>
    <ClCompile Include="main.cpp">
      <Filter>Source Files</Filter>
    </ClCompile>
    <ClCompile Include="Util.cpp">
      <Filter>Source Files</Filter>
    </ClCompile>
    <ClCompile Include="ground.cpp">
      <Filter>Source Files\Ground</Filter>
    </ClCompile>
    <ClCompile Include="rollercoaster.cpp">
      <Filter>Source Files\RollerCoaster</Filter>
    </ClCompile>
    <ClCompile Include="cart.cpp">
      <Filter>Source Files\Cart</Filter>
    </ClCompile>
    <ClCompile Include="path.cpp">
      <Filter>Source Files\RollerCoaster</Filter>
    </ClCompile>
    <ClCompile Include="ride_controller.cpp">
      <Filter>Source Files</Filter>
    </ClCompile>
  </ItemGroup>
  <ItemGroup>
    <ClInclude Include="Util.h">
      <Filter>Header Files</Filter>
    </ClInclude>
    <ClInclude Include="stb_image.h">
      <Filter>Header Files</Filter>
    </ClInclude>
    <ClInclude Include="mesh.hpp">
      <Filter>Source Files</Filter>
    </ClInclude>
    <ClInclude Include="model.hpp">
      <Filter>Source Files</Filter>
    </ClInclude>
    <ClInclude Include="shader.hpp">
      <Filter>Source Files</Filter>
    </ClInclude>
    <ClInclude Include="ground.hpp">
      <Filter>Source Files\Ground</Filter>
    </ClInclude>
    <ClInclude Include="rollercoaster.hpp">
      <Filter>Source Files\RollerCoaster</Filter>
    </ClInclude>
    <ClInclude Include="cart.hpp">
      <Filter>Source Files\Cart</Filter>
    </ClInclude>
    <ClInclude Include="path.hpp">
      <Filter>Source Files\RollerCoaster</Filter>
    </ClInclude>
    <ClInclude Include="humanoid_model.hpp">
      <Filter>Source Files</Filter>
    </ClInclude>
    <ClInclude Include="ride_controller.hpp">
      <Filter>Source Files</Filter>
    </ClInclude>
    <ClInclude Include="ride_state.hpp">
      <Filter>Source Files</Filter>
    </ClInclude>
  </ItemGroup>
  <ItemGroup>
    <None Include="packages.config">
      <Filter>Source Files</Filter>
    </None>
    <None Include="basic.vert">
      <Filter>Source Files\Shader Files</Filter>
    </None>
    <None Include="basic.frag">
      <Filter>Source Files\Shader Files</Filter>
    </None>
  </ItemGroup>
  <ItemGroup>
    <Filter Include="Source Files">
      <UniqueIdentifier>{ba1b7f34-f56d-41b2-8581-dba5d2ff1b38}</UniqueIdentifier>
    </Filter>
    <Filter Include="Source Files\Shader Files">
      <UniqueIdentifier>{e30422d7-892b-41dc-b7f5-7ab12b609eb6}</UniqueIdentifier>
    </Filter>
    <Filter Include="Header Files">
      <UniqueIdentifier>{c5674299-b72b-4621-a278-46ac70f298ce}</UniqueIdentifier>
    </Filter>
    <Filter Include="Source Files\Ground">
      <UniqueIdentifier>{dd53b354-3b4f-42f7-8a67-a89f789eb43a}</UniqueIdentifier>
    </Filter>
    <Filter Include="Source Files\RollerCoaster">
      <UniqueIdentifier>{f8aa6c2f-010e-4048-bc95-78e685852f90}</UniqueIdentifier>
    </Filter>
    <Filter Include="Source Files\Cart">
      <UniqueIdentifier>{8fc7e6ba-096c-4ffe-be90-91a1a4a3ecb2}</UniqueIdentifier>
    </Filter>
  </ItemGroup>
</Project>